
Microsoft Visual Studio Solution File, Format Version 12.00
# Visual Studio 15
VisualStudioVersion = 15.0.28307.106
MinimumVisualStudioVersion = 10.0.40219.1
Project("{8BC9CEB8-8B4A-11D0-8D11-00A0C91BC942}") = "Project-0407", "Project-0407\Project-0407.vcxproj", "{21908AAB-5BA3-4B42-815A-54B329DA9B47}"
EndProject
Global
	GlobalSection(SolutionConfigurationPlatforms) = preSolution
		Debug|x64 = Debug|x64
		Debug|x86 = Debug|x86
		Release|x64 = Release|x64
		Release|x86 = Release|x86
	EndGlobalSection
	GlobalSection(ProjectConfigurationPlatforms) = postSolution
		{21908AAB-5BA3-4B42-815A-54B329DA9B47}.Debug|x64.ActiveCfg = Debug|x64
		{21908AAB-5BA3-4B42-815A-54B329DA9B47}.Debug|x64.Build.0 = Debug|x64
		{21908AAB-5BA3-4B42-815A-54B329DA9B47}.Debug|x86.ActiveCfg = Debug|Win32
		{21908AAB-5BA3-4B42-815A-54B329DA9B47}.Debug|x86.Build.0 = Debug|Win32
		{21908AAB-5BA3-4B42-815A-54B329DA9B47}.Release|x64.ActiveCfg = Release|x64
		{21908AAB-5BA3-4B42-815A-54B329DA9B47}.Release|x64.Build.0 = Release|x64
		{21908AAB-5BA3-4B42-815A-54B329DA9B47}.Release|x86.ActiveCfg = Release|Win32
		{21908AAB-5BA3-4B42-815A-54B329DA9B47}.Release|x86.Build.0 = Release|Win32
	EndGlobalSection
	GlobalSection(SolutionProperties) = preSolution
		HideSolutionNode = FALSE
	EndGlobalSection
	GlobalSection(ExtensibilityGlobals) = postSolution
		SolutionGuid = {D1BDCBCA-2FE7-491A-97BE-1CD64E62C3B2}
	EndGlobalSection
EndGlobal
